{
  "name": "@hyperionbt/helios-cli",
  "version": "0.12.9",
  "lockfileVersion": 2,
  "requires": true,
  "packages": {
    "": {
      "name": "@hyperionbt/helios-cli",
      "version": "0.12.9",
      "license": "UNLICENSE",
      "dependencies": {
        "helios": "npm:@hyperionbt/helios@^0.12.9"
      },
      "bin": {
        "helios": "index.js"
      }
    },
    "node_modules/helios": {
      "name": "@hyperionbt/helios",
      "version": "0.12.9",
      "resolved": "https://registry.npmjs.org/@hyperionbt/helios/-/helios-0.12.9.tgz",
      "integrity": "sha512-jibj+eiOZMWIjmp9lbFxThWF4Y7RrHwXZein6h5LD0fi10pst5a9y8UTNLuzC4hEpSkUGPN2ucvQm604L6Gy9w=="
    }
  },
  "dependencies": {
    "helios": {
      "version": "npm:@hyperionbt/helios@0.12.9",
      "resolved": "https://registry.npmjs.org/@hyperionbt/helios/-/helios-0.12.9.tgz",
      "integrity": "sha512-jibj+eiOZMWIjmp9lbFxThWF4Y7RrHwXZein6h5LD0fi10pst5a9y8UTNLuzC4hEpSkUGPN2ucvQm604L6Gy9w=="
    }
  }
}
