{
  "name": "@hyperionbt/helios-cli",
  "version": "0.13.15",
  "lockfileVersion": 2,
  "requires": true,
  "packages": {
    "": {
      "name": "@hyperionbt/helios-cli",
      "version": "0.13.15",
      "license": "UNLICENSE",
      "dependencies": {
        "helios": "npm:@hyperionbt/helios@^0.13.15"
      },
      "bin": {
        "helios": "index.js"
      }
    },
    "node_modules/helios": {
      "name": "@hyperionbt/helios",
      "version": "0.13.15",
      "resolved": "https://registry.npmjs.org/@hyperionbt/helios/-/helios-0.13.15.tgz",
      "integrity": "sha512-7Tbn4ipInZrQ0H0DvzOos3K+9KCMgte/JsIH+f6lIJs+gJVBojq/lEzmwGAJ/D8c9CgLf+JhOQCwvlhvwFhjAg=="
    }
  },
  "dependencies": {
    "helios": {
      "version": "npm:@hyperionbt/helios@0.13.15",
      "resolved": "https://registry.npmjs.org/@hyperionbt/helios/-/helios-0.13.15.tgz",
      "integrity": "sha512-7Tbn4ipInZrQ0H0DvzOos3K+9KCMgte/JsIH+f6lIJs+gJVBojq/lEzmwGAJ/D8c9CgLf+JhOQCwvlhvwFhjAg=="
    }
  }
}
