{
  "name": "@hyperionbt/helios-cli",
  "version": "0.1.6",
  "lockfileVersion": 2,
  "requires": true,
  "packages": {
    "": {
      "name": "@hyperionbt/helios-cli",
      "version": "0.1.6",
      "license": "UNLICENSE",
      "dependencies": {
        "helios": "npm:@hyperionbt/helios@^0.9.11"
      },
      "bin": {
        "helios": "index.js"
      }
    },
    "node_modules/helios": {
      "name": "@hyperionbt/helios",
      "version": "0.9.11",
      "resolved": "https://registry.npmjs.org/@hyperionbt/helios/-/helios-0.9.11.tgz",
      "integrity": "sha512-xn+hvrW+EMrvQu5bP1houpuuGmtsKMS29pZGgiux+q3TLREC+wSvt31xQMqDHQGRsdSvNX/wDYztdP8DcZy0hg=="
    }
  },
  "dependencies": {
    "helios": {
      "version": "npm:@hyperionbt/helios@0.9.11",
      "resolved": "https://registry.npmjs.org/@hyperionbt/helios/-/helios-0.9.11.tgz",
      "integrity": "sha512-xn+hvrW+EMrvQu5bP1houpuuGmtsKMS29pZGgiux+q3TLREC+wSvt31xQMqDHQGRsdSvNX/wDYztdP8DcZy0hg=="
    }
  }
}
